// !$*UTF8*$!
{
	archiveVersion = 1;
	classes = {
	};
	objectVersion = 55;
	objects = {

/* Begin PBXBuildFile section */
		5805A1E92FB2888100A426BF /* AppCoordinator.swift in Sources */ = {isa = PBXBuildFile; fileRef = 5805A1E82FB2888100A426BF /* AppCoordinator.swift */; };
		58091E622FB17A050059B3CC /* TeamCollectionViewCell.xib in Resources */ = {isa = PBXBuildFile; fileRef = 58091E612FB17A050059B3CC /* TeamCollectionViewCell.xib */; };
		58091E642FB17DDD0059B3CC /* EventCollectionViewCell.xib in Resources */ = {isa = PBXBuildFile; fileRef = 58091E632FB17DDD0059B3CC /* EventCollectionViewCell.xib */; };
		58091E662FB184A40059B3CC /* SectionHeaderReusableView.swift in Sources */ = {isa = PBXBuildFile; fileRef = 58091E652FB184A40059B3CC /* SectionHeaderReusableView.swift */; };
		58408EBC2FAD3E52003504FE /* LeaguesPresenter.swift in Sources */ = {isa = PBXBuildFile; fileRef = 58408EBB2FAD3E52003504FE /* LeaguesPresenter.swift */; };
		58408EBE2FAD3E6E003504FE /* LeaguesProtocols.swift in Sources */ = {isa = PBXBuildFile; fileRef = 58408EBD2FAD3E6E003504FE /* LeaguesProtocols.swift */; };
		58408EC12FAD5A84003504FE /* LeaguesViewController.swift in Sources */ = {isa = PBXBuildFile; fileRef = 58408EBF2FAD5A84003504FE /* LeaguesViewController.swift */; };
		58408EC22FAD5A84003504FE /* LeaguesViewController.xib in Resources */ = {isa = PBXBuildFile; fileRef = 58408EC02FAD5A84003504FE /* LeaguesViewController.xib */; };
		58408EC82FAD6C5F003504FE /* LeagueTableViewCell.swift in Sources */ = {isa = PBXBuildFile; fileRef = 58408EC72FAD6C5F003504FE /* LeagueTableViewCell.swift */; };
		58408ECA2FAD6C94003504FE /* LeagueTableViewCell.xib in Resources */ = {isa = PBXBuildFile; fileRef = 58408EC92FAD6C94003504FE /* LeagueTableViewCell.xib */; };
		584140A92FAF95E600E91D04 /* LeagueDetailsPresenter.swift in Sources */ = {isa = PBXBuildFile; fileRef = 584140A82FAF95E600E91D04 /* LeagueDetailsPresenter.swift */; };
		584140AB2FAF960300E91D04 /* LeagueDetailsPresenterProtocol.swift in Sources */ = {isa = PBXBuildFile; fileRef = 584140AA2FAF960300E91D04 /* LeagueDetailsPresenterProtocol.swift */; };
		584140B92FAFBA7C00E91D04 /* Event.swift in Sources */ = {isa = PBXBuildFile; fileRef = 584140B82FAFBA7C00E91D04 /* Event.swift */; };
		584140C82FAFC5A000E91D04 /* LeagueDetailsViewController.swift in Sources */ = {isa = PBXBuildFile; fileRef = 584140C62FAFC5A000E91D04 /* LeagueDetailsViewController.swift */; };
		584140C92FAFC5A000E91D04 /* LeagueDetailsViewController.xib in Resources */ = {isa = PBXBuildFile; fileRef = 584140C72FAFC5A000E91D04 /* LeagueDetailsViewController.xib */; };
		584140DC2FAFD8C300E91D04 /* TeamCollectionViewCell.swift in Sources */ = {isa = PBXBuildFile; fileRef = 584140DA2FAFD8C300E91D04 /* TeamCollectionViewCell.swift */; };
		584140E22FAFD90300E91D04 /* EventCollectionViewCell.swift in Sources */ = {isa = PBXBuildFile; fileRef = 584140E02FAFD90300E91D04 /* EventCollectionViewCell.swift */; };
		588222712FAD9E72000C760B /* SDWebImage in Frameworks */ = {isa = PBXBuildFile; productRef = 588222702FAD9E72000C760B /* SDWebImage */; };
		588222732FAD9E72000C760B /* SDWebImageMapKit in Frameworks */ = {isa = PBXBuildFile; productRef = 588222722FAD9E72000C760B /* SDWebImageMapKit */; };
		9047A0C12FAA7FC4005DDA89 /* AppDelegate.swift in Sources */ = {isa = PBXBuildFile; fileRef = 9047A0C02FAA7FC4005DDA89 /* AppDelegate.swift */; };
		9047A0C32FAA7FC4005DDA89 /* SceneDelegate.swift in Sources */ = {isa = PBXBuildFile; fileRef = 9047A0C22FAA7FC4005DDA89 /* SceneDelegate.swift */; };
		9047A0C52FAA7FC4005DDA89 /* ViewController.swift in Sources */ = {isa = PBXBuildFile; fileRef = 9047A0C42FAA7FC4005DDA89 /* ViewController.swift */; };
		9047A0CB2FAA7FC4005DDA89 /* fantazy.xcdatamodeld in Sources */ = {isa = PBXBuildFile; fileRef = 9047A0C92FAA7FC4005DDA89 /* fantazy.xcdatamodeld */; };
		9047A0CD2FAA7FC5005DDA89 /* Assets.xcassets in Resources */ = {isa = PBXBuildFile; fileRef = 9047A0CC2FAA7FC5005DDA89 /* Assets.xcassets */; };
		9047A0D02FAA7FC5005DDA89 /* LaunchScreen.storyboard in Resources */ = {isa = PBXBuildFile; fileRef = 9047A0CE2FAA7FC5005DDA89 /* LaunchScreen.storyboard */; };
		906A7D282FB222DA00CC9913 /* FavoritesContract.swift in Sources */ = {isa = PBXBuildFile; fileRef = 906A7D202FB222DA00CC9913 /* FavoritesContract.swift */; };
		906A7D292FB222DA00CC9913 /* FavoriteTableViewCell.xib in Resources */ = {isa = PBXBuildFile; fileRef = 906A7D222FB222DA00CC9913 /* FavoriteTableViewCell.xib */; };
		906A7D2A2FB222DA00CC9913 /* FavoriteTableViewCell.swift in Sources */ = {isa = PBXBuildFile; fileRef = 906A7D232FB222DA00CC9913 /* FavoriteTableViewCell.swift */; };
		906A7D2B2FB222DA00CC9913 /* FavoritesViewController.swift in Sources */ = {isa = PBXBuildFile; fileRef = 906A7D252FB222DA00CC9913 /* FavoritesViewController.swift */; };
		906A7D2C2FB222DA00CC9913 /* FavoritesViewController.xib in Resources */ = {isa = PBXBuildFile; fileRef = 906A7D262FB222DA00CC9913 /* FavoritesViewController.xib */; };
		906A7D2D2FB222DA00CC9913 /* FavoritesPresenter.swift in Sources */ = {isa = PBXBuildFile; fileRef = 906A7D272FB222DA00CC9913 /* FavoritesPresenter.swift */; };
		906A7D672FB22BEE00CC9913 /* PlayerTableViewCell.xib in Resources */ = {isa = PBXBuildFile; fileRef = 906A7D5E2FB22BEE00CC9913 /* PlayerTableViewCell.xib */; };
		906A7D682FB22BEE00CC9913 /* PlayerTableViewCell.swift in Sources */ = {isa = PBXBuildFile; fileRef = 906A7D5F2FB22BEE00CC9913 /* PlayerTableViewCell.swift */; };
		906A7D692FB22BEE00CC9913 /* TeamDetailsContract.swift in Sources */ = {isa = PBXBuildFile; fileRef = 906A7D602FB22BEE00CC9913 /* TeamDetailsContract.swift */; };
		906A7D6A2FB22BEE00CC9913 /* Team.swift in Sources */ = {isa = PBXBuildFile; fileRef = 906A7D622FB22BEE00CC9913 /* Team.swift */; };
		906A7D6B2FB22BEE00CC9913 /* TeamDetailsViewController.swift in Sources */ = {isa = PBXBuildFile; fileRef = 906A7D642FB22BEE00CC9913 /* TeamDetailsViewController.swift */; };
		906A7D6C2FB22BEE00CC9913 /* TeamDetailsViewController.xib in Resources */ = {isa = PBXBuildFile; fileRef = 906A7D652FB22BEE00CC9913 /* TeamDetailsViewController.xib */; };
		906A7D6D2FB22BEE00CC9913 /* TeamDetailsPresenter.swift in Sources */ = {isa = PBXBuildFile; fileRef = 906A7D662FB22BEE00CC9913 /* TeamDetailsPresenter.swift */; };
		906A7D732FB235B600CC9913 /* Sport.swift in Sources */ = {isa = PBXBuildFile; fileRef = 906A7D712FB235B600CC9913 /* Sport.swift */; };
		906A7D742FB235B600CC9913 /* League.swift in Sources */ = {isa = PBXBuildFile; fileRef = 906A7D722FB235B600CC9913 /* League.swift */; };
		9071925C2FAE398E00F7EAC2 /* Cell in Resources */ = {isa = PBXBuildFile; fileRef = 9071925B2FAE398D00F7EAC2 /* Cell */; };
		9071925E2FAE399600F7EAC2 /* View in Resources */ = {isa = PBXBuildFile; fileRef = 9071925D2FAE399600F7EAC2 /* View */; };
		907192602FAE3A2300F7EAC2 /* SportsRepositoty.swift in Sources */ = {isa = PBXBuildFile; fileRef = 9071925F2FAE3A2300F7EAC2 /* SportsRepositoty.swift */; };
		907CF61D2FABA63500E8DF67 /* HomeContract.swift in Sources */ = {isa = PBXBuildFile; fileRef = 907CF61C2FABA63500E8DF67 /* HomeContract.swift */; };
		907CF6222FABA68C00E8DF67 /* SportsRepositotyProtocol.swift in Sources */ = {isa = PBXBuildFile; fileRef = 907CF6212FABA68C00E8DF67 /* SportsRepositotyProtocol.swift */; };
		907CF62B2FABA70200E8DF67 /* LocalDataSourceProtocol.swift in Sources */ = {isa = PBXBuildFile; fileRef = 907CF62A2FABA70200E8DF67 /* LocalDataSourceProtocol.swift */; };
		907CF62D2FABA71C00E8DF67 /* LocalDataSource.swift in Sources */ = {isa = PBXBuildFile; fileRef = 907CF62C2FABA71C00E8DF67 /* LocalDataSource.swift */; };
		907CF6312FABA75400E8DF67 /* RemoteDataSource.swift in Sources */ = {isa = PBXBuildFile; fileRef = 907CF6302FABA75400E8DF67 /* RemoteDataSource.swift */; };
		907CF6332FABA83500E8DF67 /* LeadueDao.swift in Sources */ = {isa = PBXBuildFile; fileRef = 907CF6322FABA83500E8DF67 /* LeadueDao.swift */; };
		908A80B32FAE3BB8000C49CE /* Main.storyboard in Resources */ = {isa = PBXBuildFile; fileRef = 908A80B22FAE3BB8000C49CE /* Main.storyboard */; };
		90C72DB72FAC1D41002C1838 /* AppColors.swift in Sources */ = {isa = PBXBuildFile; fileRef = 90C72DB62FAC1D41002C1838 /* AppColors.swift */; };
		90C72DC62FAC2CDE002C1838 /* HomePresenter.swift in Sources */ = {isa = PBXBuildFile; fileRef = 90C72DC52FAC2CDE002C1838 /* HomePresenter.swift */; };
		90F4A0012FAE35340065A241 /* RemoteDataSourceProtocol.swift in Sources */ = {isa = PBXBuildFile; fileRef = 90F4A0002FAE35340065A241 /* RemoteDataSourceProtocol.swift */; };
/* End PBXBuildFile section */

/* Begin PBXFileReference section */
		5805A1E82FB2888100A426BF /* AppCoordinator.swift */ = {isa = PBXFileReference; lastKnownFileType = sourcecode.swift; path = AppCoordinator.swift; sourceTree = "<group>"; };
		58091E612FB17A050059B3CC /* TeamCollectionViewCell.xib */ = {isa = PBXFileReference; lastKnownFileType = file.xib; path = TeamCollectionViewCell.xib; sourceTree = "<group>"; };
		58091E632FB17DDD0059B3CC /* EventCollectionViewCell.xib */ = {isa = PBXFileReference; lastKnownFileType = file.xib; path = EventCollectionViewCell.xib; sourceTree = "<group>"; };
		58091E652FB184A40059B3CC /* SectionHeaderReusableView.swift */ = {isa = PBXFileReference; lastKnownFileType = sourcecode.swift; path = SectionHeaderReusableView.swift; sourceTree = "<group>"; };
		58408EBB2FAD3E52003504FE /* LeaguesPresenter.swift */ = {isa = PBXFileReference; lastKnownFileType = sourcecode.swift; path = LeaguesPresenter.swift; sourceTree = "<group>"; };
		58408EBD2FAD3E6E003504FE /* LeaguesProtocols.swift */ = {isa = PBXFileReference; lastKnownFileType = sourcecode.swift; path = LeaguesProtocols.swift; sourceTree = "<group>"; };
		58408EBF2FAD5A84003504FE /* LeaguesViewController.swift */ = {isa = PBXFileReference; lastKnownFileType = sourcecode.swift; path = LeaguesViewController.swift; sourceTree = "<group>"; };
		58408EC02FAD5A84003504FE /* LeaguesViewController.xib */ = {isa = PBXFileReference; lastKnownFileType = file.xib; path = LeaguesViewController.xib; sourceTree = "<group>"; };
		58408EC72FAD6C5F003504FE /* LeagueTableViewCell.swift */ = {isa = PBXFileReference; lastKnownFileType = sourcecode.swift; path = LeagueTableViewCell.swift; sourceTree = "<group>"; };
		58408EC92FAD6C94003504FE /* LeagueTableViewCell.xib */ = {isa = PBXFileReference; lastKnownFileType = file.xib; path = LeagueTableViewCell.xib; sourceTree = "<group>"; };
		584140A82FAF95E600E91D04 /* LeagueDetailsPresenter.swift */ = {isa = PBXFileReference; lastKnownFileType = sourcecode.swift; path = LeagueDetailsPresenter.swift; sourceTree = "<group>"; };
		584140AA2FAF960300E91D04 /* LeagueDetailsPresenterProtocol.swift */ = {isa = PBXFileReference; lastKnownFileType = sourcecode.swift; path = LeagueDetailsPresenterProtocol.swift; sourceTree = "<group>"; };
		584140B82FAFBA7C00E91D04 /* Event.swift */ = {isa = PBXFileReference; lastKnownFileType = sourcecode.swift; path = Event.swift; sourceTree = "<group>"; };
		584140C62FAFC5A000E91D04 /* LeagueDetailsViewController.swift */ = {isa = PBXFileReference; lastKnownFileType = sourcecode.swift; path = LeagueDetailsViewController.swift; sourceTree = "<group>"; };
		584140C72FAFC5A000E91D04 /* LeagueDetailsViewController.xib */ = {isa = PBXFileReference; lastKnownFileType = file.xib; path = LeagueDetailsViewController.xib; sourceTree = "<group>"; };
		584140DA2FAFD8C300E91D04 /* TeamCollectionViewCell.swift */ = {isa = PBXFileReference; lastKnownFileType = sourcecode.swift; path = TeamCollectionViewCell.swift; sourceTree = "<group>"; };
		584140E02FAFD90300E91D04 /* EventCollectionViewCell.swift */ = {isa = PBXFileReference; lastKnownFileType = sourcecode.swift; path = EventCollectionViewCell.swift; sourceTree = "<group>"; };
		9047A0BD2FAA7FC4005DDA89 /* fantazy.app */ = {isa = PBXFileReference; explicitFileType = wrapper.application; includeInIndex = 0; path = fantazy.app; sourceTree = BUILT_PRODUCTS_DIR; };
		9047A0C02FAA7FC4005DDA89 /* AppDelegate.swift */ = {isa = PBXFileReference; lastKnownFileType = sourcecode.swift; path = AppDelegate.swift; sourceTree = "<group>"; };
		9047A0C22FAA7FC4005DDA89 /* SceneDelegate.swift */ = {isa = PBXFileReference; lastKnownFileType = sourcecode.swift; path = SceneDelegate.swift; sourceTree = "<group>"; };
		9047A0C42FAA7FC4005DDA89 /* ViewController.swift */ = {isa = PBXFileReference; lastKnownFileType = sourcecode.swift; path = ViewController.swift; sourceTree = "<group>"; };
		9047A0CC2FAA7FC5005DDA89 /* Assets.xcassets */ = {isa = PBXFileReference; lastKnownFileType = folder.assetcatalog; path = Assets.xcassets; sourceTree = "<group>"; };
		9047A0CF2FAA7FC5005DDA89 /* Base */ = {isa = PBXFileReference; lastKnownFileType = file.storyboard; name = Base; path = Base.lproj/LaunchScreen.storyboard; sourceTree = "<group>"; };
		9047A0D12FAA7FC5005DDA89 /* Info.plist */ = {isa = PBXFileReference; lastKnownFileType = text.plist.xml; path = Info.plist; sourceTree = "<group>"; };
		906A7D202FB222DA00CC9913 /* FavoritesContract.swift */ = {isa = PBXFileReference; fileEncoding = 4; lastKnownFileType = sourcecode.swift; path = FavoritesContract.swift; sourceTree = "<group>"; };
		906A7D222FB222DA00CC9913 /* FavoriteTableViewCell.xib */ = {isa = PBXFileReference; fileEncoding = 4; lastKnownFileType = file.xib; path = FavoriteTableViewCell.xib; sourceTree = "<group>"; };
		906A7D232FB222DA00CC9913 /* FavoriteTableViewCell.swift */ = {isa = PBXFileReference; fileEncoding = 4; lastKnownFileType = sourcecode.swift; path = FavoriteTableViewCell.swift; sourceTree = "<group>"; };
		906A7D252FB222DA00CC9913 /* FavoritesViewController.swift */ = {isa = PBXFileReference; fileEncoding = 4; lastKnownFileType = sourcecode.swift; path = FavoritesViewController.swift; sourceTree = "<group>"; };
		906A7D262FB222DA00CC9913 /* FavoritesViewController.xib */ = {isa = PBXFileReference; fileEncoding = 4; lastKnownFileType = file.xib; path = FavoritesViewController.xib; sourceTree = "<group>"; };
		906A7D272FB222DA00CC9913 /* FavoritesPresenter.swift */ = {isa = PBXFileReference; fileEncoding = 4; lastKnownFileType = sourcecode.swift; path = FavoritesPresenter.swift; sourceTree = "<group>"; };
		906A7D5E2FB22BEE00CC9913 /* PlayerTableViewCell.xib */ = {isa = PBXFileReference; fileEncoding = 4; lastKnownFileType = file.xib; path = PlayerTableViewCell.xib; sourceTree = "<group>"; };
		906A7D5F2FB22BEE00CC9913 /* PlayerTableViewCell.swift */ = {isa = PBXFileReference; fileEncoding = 4; lastKnownFileType = sourcecode.swift; path = PlayerTableViewCell.swift; sourceTree = "<group>"; };
		906A7D602FB22BEE00CC9913 /* TeamDetailsContract.swift */ = {isa = PBXFileReference; fileEncoding = 4; lastKnownFileType = sourcecode.swift; path = TeamDetailsContract.swift; sourceTree = "<group>"; };
		906A7D622FB22BEE00CC9913 /* Team.swift */ = {isa = PBXFileReference; fileEncoding = 4; lastKnownFileType = sourcecode.swift; path = Team.swift; sourceTree = "<group>"; };
		906A7D642FB22BEE00CC9913 /* TeamDetailsViewController.swift */ = {isa = PBXFileReference; fileEncoding = 4; lastKnownFileType = sourcecode.swift; path = TeamDetailsViewController.swift; sourceTree = "<group>"; };
		906A7D652FB22BEE00CC9913 /* TeamDetailsViewController.xib */ = {isa = PBXFileReference; fileEncoding = 4; lastKnownFileType = file.xib; path = TeamDetailsViewController.xib; sourceTree = "<group>"; };
		906A7D662FB22BEE00CC9913 /* TeamDetailsPresenter.swift */ = {isa = PBXFileReference; fileEncoding = 4; lastKnownFileType = sourcecode.swift; path = TeamDetailsPresenter.swift; sourceTree = "<group>"; };
		906A7D712FB235B600CC9913 /* Sport.swift */ = {isa = PBXFileReference; fileEncoding = 4; lastKnownFileType = sourcecode.swift; path = Sport.swift; sourceTree = "<group>"; };
		906A7D722FB235B600CC9913 /* League.swift */ = {isa = PBXFileReference; fileEncoding = 4; lastKnownFileType = sourcecode.swift; path = League.swift; sourceTree = "<group>"; };
		9071925B2FAE398D00F7EAC2 /* Cell */ = {isa = PBXFileReference; lastKnownFileType = folder; path = Cell; sourceTree = "<group>"; };
		9071925D2FAE399600F7EAC2 /* View */ = {isa = PBXFileReference; lastKnownFileType = folder; path = View; sourceTree = "<group>"; };
		9071925F2FAE3A2300F7EAC2 /* SportsRepositoty.swift */ = {isa = PBXFileReference; fileEncoding = 4; lastKnownFileType = sourcecode.swift; path = SportsRepositoty.swift; sourceTree = "<group>"; };
		907CF61C2FABA63500E8DF67 /* HomeContract.swift */ = {isa = PBXFileReference; lastKnownFileType = sourcecode.swift; path = HomeContract.swift; sourceTree = "<group>"; };
		907CF61E2FABA65E00E8DF67 /* NetworkConnectivity.swift */ = {isa = PBXFileReference; lastKnownFileType = sourcecode.swift; path = NetworkConnectivity.swift; sourceTree = "<group>"; };
		907CF6212FABA68C00E8DF67 /* SportsRepositotyProtocol.swift */ = {isa = PBXFileReference; lastKnownFileType = sourcecode.swift; path = SportsRepositotyProtocol.swift; sourceTree = "<group>"; };
		907CF62A2FABA70200E8DF67 /* LocalDataSourceProtocol.swift */ = {isa = PBXFileReference; lastKnownFileType = sourcecode.swift; path = LocalDataSourceProtocol.swift; sourceTree = "<group>"; };
		907CF62C2FABA71C00E8DF67 /* LocalDataSource.swift */ = {isa = PBXFileReference; lastKnownFileType = sourcecode.swift; path = LocalDataSource.swift; sourceTree = "<group>"; };
		907CF6302FABA75400E8DF67 /* RemoteDataSource.swift */ = {isa = PBXFileReference; lastKnownFileType = sourcecode.swift; path = RemoteDataSource.swift; sourceTree = "<group>"; };
		907CF6322FABA83500E8DF67 /* LeadueDao.swift */ = {isa = PBXFileReference; lastKnownFileType = sourcecode.swift; path = LeadueDao.swift; sourceTree = "<group>"; };
		908A80B22FAE3BB8000C49CE /* Main.storyboard */ = {isa = PBXFileReference; lastKnownFileType = file.storyboard; path = Main.storyboard; sourceTree = "<group>"; };
		90C72DB62FAC1D41002C1838 /* AppColors.swift */ = {isa = PBXFileReference; lastKnownFileType = sourcecode.swift; path = AppColors.swift; sourceTree = "<group>"; };
		90C72DC52FAC2CDE002C1838 /* HomePresenter.swift */ = {isa = PBXFileReference; lastKnownFileType = sourcecode.swift; path = HomePresenter.swift; sourceTree = "<group>"; };
		90F4A0002FAE35340065A241 /* RemoteDataSourceProtocol.swift */ = {isa = PBXFileReference; lastKnownFileType = sourcecode.swift; path = RemoteDataSourceProtocol.swift; sourceTree = "<group>"; };
/* End PBXFileReference section */

/* Begin PBXFrameworksBuildPhase section */
		9047A0BA2FAA7FC4005DDA89 /* Frameworks */ = {
			isa = PBXFrameworksBuildPhase;
			buildActionMask = 2147483647;
			files = (
				588222732FAD9E72000C760B /* SDWebImageMapKit in Frameworks */,
				588222712FAD9E72000C760B /* SDWebImage in Frameworks */,
			);
			runOnlyForDeploymentPostprocessing = 0;
		};
/* End PBXFrameworksBuildPhase section */

/* Begin PBXGroup section */
		5805A1E42FB280A300A426BF /* Navigation */ = {
			isa = PBXGroup;
			children = (
				5805A1E82FB2888100A426BF /* AppCoordinator.swift */,
			);
			path = Navigation;
			sourceTree = "<group>";
		};
		58408EB52FAD3CC6003504FE /* Leagues */ = {
			isa = PBXGroup;
			children = (
				906A7D792FB2381200CC9913 /* Cell */,
				58408EB82FAD3D19003504FE /* Presenter */,
				58408EB72FAD3D0B003504FE /* View */,
			);
			path = Leagues;
			sourceTree = "<group>";
		};
		58408EB72FAD3D0B003504FE /* View */ = {
			isa = PBXGroup;
			children = (
				58408EBF2FAD5A84003504FE /* LeaguesViewController.swift */,
				58408EC02FAD5A84003504FE /* LeaguesViewController.xib */,
			);
			path = View;
			sourceTree = "<group>";
		};
		58408EB82FAD3D19003504FE /* Presenter */ = {
			isa = PBXGroup;
			children = (
				58408EBB2FAD3E52003504FE /* LeaguesPresenter.swift */,
				58408EBD2FAD3E6E003504FE /* LeaguesProtocols.swift */,
			);
			path = Presenter;
			sourceTree = "<group>";
		};
		584140A02FAF952900E91D04 /* LeagueDetails */ = {
			isa = PBXGroup;
			children = (
				584140A32FAF955000E91D04 /* Cell */,
				584140A22FAF954800E91D04 /* Presenter */,
				584140A12FAF953D00E91D04 /* View */,
			);
			path = LeagueDetails;
			sourceTree = "<group>";
		};
		584140A12FAF953D00E91D04 /* View */ = {
			isa = PBXGroup;
			children = (
				584140C62FAFC5A000E91D04 /* LeagueDetailsViewController.swift */,
				584140C72FAFC5A000E91D04 /* LeagueDetailsViewController.xib */,
			);
			path = View;
			sourceTree = "<group>";
		};
		584140A22FAF954800E91D04 /* Presenter */ = {
			isa = PBXGroup;
			children = (
				584140A82FAF95E600E91D04 /* LeagueDetailsPresenter.swift */,
				584140AA2FAF960300E91D04 /* LeagueDetailsPresenterProtocol.swift */,
			);
			path = Presenter;
			sourceTree = "<group>";
		};
		584140A32FAF955000E91D04 /* Cell */ = {
			isa = PBXGroup;
			children = (
				584140D02FAFD81100E91D04 /* CollectionViewCells */,
			);
			path = Cell;
			sourceTree = "<group>";
		};
		584140D02FAFD81100E91D04 /* CollectionViewCells */ = {
			isa = PBXGroup;
			children = (
				584140E02FAFD90300E91D04 /* EventCollectionViewCell.swift */,
				58091E632FB17DDD0059B3CC /* EventCollectionViewCell.xib */,
				584140DA2FAFD8C300E91D04 /* TeamCollectionViewCell.swift */,
				58091E612FB17A050059B3CC /* TeamCollectionViewCell.xib */,
				58091E652FB184A40059B3CC /* SectionHeaderReusableView.swift */,
			);
			path = CollectionViewCells;
			sourceTree = "<group>";
		};
		9047A0B42FAA7FC4005DDA89 = {
			isa = PBXGroup;
			children = (
				9047A0BF2FAA7FC4005DDA89 /* fantazy */,
				9047A0BE2FAA7FC4005DDA89 /* Products */,
			);
			sourceTree = "<group>";
		};
		9047A0BE2FAA7FC4005DDA89 /* Products */ = {
			isa = PBXGroup;
			children = (
				9047A0BD2FAA7FC4005DDA89 /* fantazy.app */,
			);
			name = Products;
			sourceTree = "<group>";
		};
		9047A0BF2FAA7FC4005DDA89 /* fantazy */ = {
			isa = PBXGroup;
			children = (
				907CF6172FABA5F100E8DF67 /* Data */,
				907CF6192FABA60100E8DF67 /* Domain */,
				907CF6182FABA5FA00E8DF67 /* Utils */,
				907CF61A2FABA60700E8DF67 /* Presenetation */,
				9047A0C02FAA7FC4005DDA89 /* AppDelegate.swift */,
				9047A0C22FAA7FC4005DDA89 /* SceneDelegate.swift */,
				9047A0C42FAA7FC4005DDA89 /* ViewController.swift */,
				9047A0CC2FAA7FC5005DDA89 /* Assets.xcassets */,
				9047A0CE2FAA7FC5005DDA89 /* LaunchScreen.storyboard */,
				9047A0D12FAA7FC5005DDA89 /* Info.plist */,
				908A80B22FAE3BB8000C49CE /* Main.storyboard */,
			);
			path = fantazy;
			sourceTree = "<group>";
		};
		906A7D1F2FB222DA00CC9913 /* Favorite */ = {
			isa = PBXGroup;
			children = (
				906A7D772FB236BA00CC9913 /* Presenter */,
				906A7D212FB222DA00CC9913 /* Cell */,
				906A7D242FB222DA00CC9913 /* View */,
			);
			path = Favorite;
			sourceTree = "<group>";
		};
		906A7D212FB222DA00CC9913 /* Cell */ = {
			isa = PBXGroup;
			children = (
				906A7D222FB222DA00CC9913 /* FavoriteTableViewCell.xib */,
				906A7D232FB222DA00CC9913 /* FavoriteTableViewCell.swift */,
			);
			path = Cell;
			sourceTree = "<group>";
		};
		906A7D242FB222DA00CC9913 /* View */ = {
			isa = PBXGroup;
			children = (
				906A7D252FB222DA00CC9913 /* FavoritesViewController.swift */,
				906A7D262FB222DA00CC9913 /* FavoritesViewController.xib */,
			);
			path = View;
			sourceTree = "<group>";
		};
		906A7D5C2FB22BEE00CC9913 /* TeamDetails */ = {
			isa = PBXGroup;
			children = (
				906A7D762FB2366800CC9913 /* Presenter */,
				906A7D5D2FB22BEE00CC9913 /* Cell */,
				906A7D632FB22BEE00CC9913 /* View */,
			);
			path = TeamDetails;
			sourceTree = "<group>";
		};
		906A7D5D2FB22BEE00CC9913 /* Cell */ = {
			isa = PBXGroup;
			children = (
				906A7D5E2FB22BEE00CC9913 /* PlayerTableViewCell.xib */,
				906A7D5F2FB22BEE00CC9913 /* PlayerTableViewCell.swift */,
			);
			path = Cell;
			sourceTree = "<group>";
		};
		906A7D632FB22BEE00CC9913 /* View */ = {
			isa = PBXGroup;
			children = (
				906A7D642FB22BEE00CC9913 /* TeamDetailsViewController.swift */,
				906A7D652FB22BEE00CC9913 /* TeamDetailsViewController.xib */,
			);
			path = View;
			sourceTree = "<group>";
		};
		906A7D6E2FB234AA00CC9913 /* Network */ = {
			isa = PBXGroup;
			children = (
			);
			path = Network;
			sourceTree = "<group>";
		};
		906A7D702FB235B600CC9913 /* Model */ = {
			isa = PBXGroup;
			children = (
				584140B82FAFBA7C00E91D04 /* Event.swift */,
				906A7D622FB22BEE00CC9913 /* Team.swift */,
				906A7D712FB235B600CC9913 /* Sport.swift */,
				906A7D722FB235B600CC9913 /* League.swift */,
			);
			path = Model;
			sourceTree = "<group>";
		};
		906A7D752FB235EA00CC9913 /* Entity */ = {
			isa = PBXGroup;
			children = (
			);
			name = Entity;
			path = fantazy/domain/Entity;
			sourceTree = SOURCE_ROOT;
		};
		906A7D762FB2366800CC9913 /* Presenter */ = {
			isa = PBXGroup;
			children = (
				906A7D602FB22BEE00CC9913 /* TeamDetailsContract.swift */,
				906A7D662FB22BEE00CC9913 /* TeamDetailsPresenter.swift */,
			);
			path = Presenter;
			sourceTree = "<group>";
		};
		906A7D772FB236BA00CC9913 /* Presenter */ = {
			isa = PBXGroup;
			children = (
				906A7D202FB222DA00CC9913 /* FavoritesContract.swift */,
				906A7D272FB222DA00CC9913 /* FavoritesPresenter.swift */,
			);
			path = Presenter;
			sourceTree = "<group>";
		};
		906A7D782FB236CC00CC9913 /* Presenter */ = {
			isa = PBXGroup;
			children = (
				907CF61C2FABA63500E8DF67 /* HomeContract.swift */,
				90C72DC52FAC2CDE002C1838 /* HomePresenter.swift */,
			);
			path = Presenter;
			sourceTree = "<group>";
		};
		906A7D792FB2381200CC9913 /* Cell */ = {
			isa = PBXGroup;
			children = (
				58408EC72FAD6C5F003504FE /* LeagueTableViewCell.swift */,
				58408EC92FAD6C94003504FE /* LeagueTableViewCell.xib */,
			);
			path = Cell;
			sourceTree = "<group>";
		};
		906A7D7A2FB2385D00CC9913 /* Mapper */ = {
			isa = PBXGroup;
			children = (
			);
			path = Mapper;
			sourceTree = "<group>";
		};
		906A7D7B2FB2386C00CC9913 /* DTO */ = {
			isa = PBXGroup;
			children = (
			);
			path = DTO;
			sourceTree = "<group>";
		};
		907CF6172FABA5F100E8DF67 /* Data */ = {
			isa = PBXGroup;
			children = (
				906A7D7B2FB2386C00CC9913 /* DTO */,
				906A7D7A2FB2385D00CC9913 /* Mapper */,
				906A7D6E2FB234AA00CC9913 /* Network */,
				907CF6272FABA6D400E8DF67 /* DataSources */,
				907CF6242FABA6B100E8DF67 /* Repository */,
				907CF6232FABA6AB00E8DF67 /* Database */,
			);
			path = Data;
			sourceTree = "<group>";
		};
		907CF6182FABA5FA00E8DF67 /* Utils */ = {
			isa = PBXGroup;
			children = (
				5805A1E42FB280A300A426BF /* Navigation */,
				907CF61E2FABA65E00E8DF67 /* NetworkConnectivity.swift */,
			);
			path = Utils;
			sourceTree = "<group>";
		};
		907CF6192FABA60100E8DF67 /* Domain */ = {
			isa = PBXGroup;
			children = (
				906A7D702FB235B600CC9913 /* Model */,
				907CF6202FABA67100E8DF67 /* Repository */,
			);
			path = Domain;
			sourceTree = "<group>";
		};
		907CF61A2FABA60700E8DF67 /* Presenetation */ = {
			isa = PBXGroup;
			children = (
				906A7D5C2FB22BEE00CC9913 /* TeamDetails */,
				584140A02FAF952900E91D04 /* LeagueDetails */,
				906A7D1F2FB222DA00CC9913 /* Favorite */,
				58408EB52FAD3CC6003504FE /* Leagues */,
				90C72DB52FAC1D35002C1838 /* Theme */,
				907CF61B2FABA62100E8DF67 /* Home */,
			);
			path = Presenetation;
			sourceTree = "<group>";
		};
		907CF61B2FABA62100E8DF67 /* Home */ = {
			isa = PBXGroup;
			children = (
				906A7D782FB236CC00CC9913 /* Presenter */,
				9071925D2FAE399600F7EAC2 /* View */,
				9071925B2FAE398D00F7EAC2 /* Cell */,
			);
			path = Home;
			sourceTree = "<group>";
		};
		907CF6202FABA67100E8DF67 /* Repository */ = {
			isa = PBXGroup;
			children = (
				907CF6212FABA68C00E8DF67 /* SportsRepositotyProtocol.swift */,
			);
			path = Repository;
			sourceTree = "<group>";
		};
		907CF6232FABA6AB00E8DF67 /* Database */ = {
			isa = PBXGroup;
			children = (
				906A7D752FB235EA00CC9913 /* Entity */,
				9047A0C92FAA7FC4005DDA89 /* fantazy.xcdatamodeld */,
				907CF6322FABA83500E8DF67 /* LeadueDao.swift */,
			);
			path = Database;
			sourceTree = "<group>";
		};
		907CF6242FABA6B100E8DF67 /* Repository */ = {
			isa = PBXGroup;
			children = (
				9071925F2FAE3A2300F7EAC2 /* SportsRepositoty.swift */,
			);
			path = Repository;
			sourceTree = "<group>";
		};
		907CF6272FABA6D400E8DF67 /* DataSources */ = {
			isa = PBXGroup;
			children = (
				907CF6292FABA6E300E8DF67 /* remote */,
				907CF6282FABA6DF00E8DF67 /* local */,
			);
			path = DataSources;
			sourceTree = "<group>";
		};
		907CF6282FABA6DF00E8DF67 /* local */ = {
			isa = PBXGroup;
			children = (
				907CF62A2FABA70200E8DF67 /* LocalDataSourceProtocol.swift */,
				907CF62C2FABA71C00E8DF67 /* LocalDataSource.swift */,
			);
			path = local;
			sourceTree = "<group>";
		};
		907CF6292FABA6E300E8DF67 /* remote */ = {
			isa = PBXGroup;
			children = (
				907CF6302FABA75400E8DF67 /* RemoteDataSource.swift */,
				90F4A0002FAE35340065A241 /* RemoteDataSourceProtocol.swift */,
			);
			path = remote;
			sourceTree = "<group>";
		};
		90C72DB52FAC1D35002C1838 /* Theme */ = {
			isa = PBXGroup;
			children = (
				90C72DB62FAC1D41002C1838 /* AppColors.swift */,
			);
			path = Theme;
			sourceTree = "<group>";
		};
/* End PBXGroup section */

/* Begin PBXNativeTarget section */
		9047A0BC2FAA7FC4005DDA89 /* fantazy */ = {
			isa = PBXNativeTarget;
			buildConfigurationList = 9047A0D42FAA7FC5005DDA89 /* Build configuration list for PBXNativeTarget "fantazy" */;
			buildPhases = (
				9047A0B92FAA7FC4005DDA89 /* Sources */,
				9047A0BA2FAA7FC4005DDA89 /* Frameworks */,
				9047A0BB2FAA7FC4005DDA89 /* Resources */,
			);
			buildRules = (
			);
			dependencies = (
			);
			name = fantazy;
			packageProductDependencies = (
				588222702FAD9E72000C760B /* SDWebImage */,
				588222722FAD9E72000C760B /* SDWebImageMapKit */,
			);
			productName = fantazy;
			productReference = 9047A0BD2FAA7FC4005DDA89 /* fantazy.app */;
			productType = "com.apple.product-type.application";
		};
/* End PBXNativeTarget section */

/* Begin PBXProject section */
		9047A0B52FAA7FC4005DDA89 /* Project object */ = {
			isa = PBXProject;
			attributes = {
				BuildIndependentTargetsInParallel = 1;
				LastSwiftUpdateCheck = 1320;
				LastUpgradeCheck = 1320;
				TargetAttributes = {
					9047A0BC2FAA7FC4005DDA89 = {
						CreatedOnToolsVersion = 13.2;
					};
				};
			};
			buildConfigurationList = 9047A0B82FAA7FC4005DDA89 /* Build configuration list for PBXProject "fantazy" */;
			compatibilityVersion = "Xcode 13.0";
			developmentRegion = en;
			hasScannedForEncodings = 0;
			knownRegions = (
				en,
				Base,
			);
			mainGroup = 9047A0B42FAA7FC4005DDA89;
			packageReferences = (
				5882226F2FAD9E72000C760B /* XCRemoteSwiftPackageReference "SDWebImage" */,
			);
			productRefGroup = 9047A0BE2FAA7FC4005DDA89 /* Products */;
			projectDirPath = "";
			projectRoot = "";
			targets = (
				9047A0BC2FAA7FC4005DDA89 /* fantazy */,
			);
		};
/* End PBXProject section */

/* Begin PBXResourcesBuildPhase section */
		9047A0BB2FAA7FC4005DDA89 /* Resources */ = {
			isa = PBXResourcesBuildPhase;
			buildActionMask = 2147483647;
			files = (
				584140C92FAFC5A000E91D04 /* LeagueDetailsViewController.xib in Resources */,
				908A80B32FAE3BB8000C49CE /* Main.storyboard in Resources */,
				9071925C2FAE398E00F7EAC2 /* Cell in Resources */,
				9047A0D02FAA7FC5005DDA89 /* LaunchScreen.storyboard in Resources */,
				906A7D292FB222DA00CC9913 /* FavoriteTableViewCell.xib in Resources */,
				9047A0CD2FAA7FC5005DDA89 /* Assets.xcassets in Resources */,
				906A7D6C2FB22BEE00CC9913 /* TeamDetailsViewController.xib in Resources */,
				906A7D2C2FB222DA00CC9913 /* FavoritesViewController.xib in Resources */,
				906A7D672FB22BEE00CC9913 /* PlayerTableViewCell.xib in Resources */,
				58408ECA2FAD6C94003504FE /* LeagueTableViewCell.xib in Resources */,
				58091E622FB17A050059B3CC /* TeamCollectionViewCell.xib in Resources */,
				9071925E2FAE399600F7EAC2 /* View in Resources */,
				58408EC22FAD5A84003504FE /* LeaguesViewController.xib in Resources */,
				58091E642FB17DDD0059B3CC /* EventCollectionViewCell.xib in Resources */,
			);
			runOnlyForDeploymentPostprocessing = 0;
		};
/* End PBXResourcesBuildPhase section */

/* Begin PBXSourcesBuildPhase section */
		9047A0B92FAA7FC4005DDA89 /* Sources */ = {
			isa = PBXSourcesBuildPhase;
			buildActionMask = 2147483647;
			files = (
				584140DC2FAFD8C300E91D04 /* TeamCollectionViewCell.swift in Sources */,
				58091E662FB184A40059B3CC /* SectionHeaderReusableView.swift in Sources */,
				584140E22FAFD90300E91D04 /* EventCollectionViewCell.swift in Sources */,
				907CF62D2FABA71C00E8DF67 /* LocalDataSource.swift in Sources */,
				58408EC82FAD6C5F003504FE /* LeagueTableViewCell.swift in Sources */,
				9047A0C52FAA7FC4005DDA89 /* ViewController.swift in Sources */,
				9047A0C12FAA7FC4005DDA89 /* AppDelegate.swift in Sources */,
				906A7D692FB22BEE00CC9913 /* TeamDetailsContract.swift in Sources */,
				584140A92FAF95E600E91D04 /* LeagueDetailsPresenter.swift in Sources */,
				9047A0C32FAA7FC4005DDA89 /* SceneDelegate.swift in Sources */,
				907CF6222FABA68C00E8DF67 /* SportsRepositotyProtocol.swift in Sources */,
				906A7D6D2FB22BEE00CC9913 /* TeamDetailsPresenter.swift in Sources */,
				584140A92FAF95E600E91D04 /* LeagueDetailsPresenter.swift in Sources */,
				9047A0C32FAA7FC4005DDA89 /* SceneDelegate.swift in Sources */,
				907CF6222FABA68C00E8DF67 /* SportsRepositotyProtocol.swift in Sources */,
				584140AB2FAF960300E91D04 /* LeagueDetailsPresenterProtocol.swift in Sources */,
				584140C82FAFC5A000E91D04 /* LeagueDetailsViewController.swift in Sources */,
				907CF6312FABA75400E8DF67 /* RemoteDataSource.swift in Sources */,
				9047A0CB2FAA7FC4005DDA89 /* fantazy.xcdatamodeld in Sources */,
				584140B92FAFBA7C00E91D04 /* Event.swift in Sources */,
				907CF6332FABA83500E8DF67 /* LeadueDao.swift in Sources */,
				906A7D282FB222DA00CC9913 /* FavoritesContract.swift in Sources */,
				906A7D682FB22BEE00CC9913 /* PlayerTableViewCell.swift in Sources */,
				906A7D2B2FB222DA00CC9913 /* FavoritesViewController.swift in Sources */,
				907CF61D2FABA63500E8DF67 /* HomeContract.swift in Sources */,
				906A7D2A2FB222DA00CC9913 /* FavoriteTableViewCell.swift in Sources */,
				906A7D6A2FB22BEE00CC9913 /* Team.swift in Sources */,
				9047A0C12FAA7FC4005DDA89 /* AppDelegate.swift in Sources */,
				906A7D742FB235B600CC9913 /* League.swift in Sources */,
				906A7D2B2FB222DA00CC9913 /* FavoritesViewController.swift in Sources */,
				907CF61D2FABA63500E8DF67 /* HomeContract.swift in Sources */,
				906A7D2A2FB222DA00CC9913 /* FavoriteTableViewCell.swift in Sources */,
				9047A0C12FAA7FC4005DDA89 /* AppDelegate.swift in Sources */,
				907192602FAE3A2300F7EAC2 /* SportsRepositoty.swift in Sources */,
				90F4A0012FAE35340065A241 /* RemoteDataSourceProtocol.swift in Sources */,
				906A7D732FB235B600CC9913 /* Sport.swift in Sources */,
				907CF62B2FABA70200E8DF67 /* LocalDataSourceProtocol.swift in Sources */,
				906A7D2D2FB222DA00CC9913 /* FavoritesPresenter.swift in Sources */,
				90C72DB72FAC1D41002C1838 /* AppColors.swift in Sources */,
				90C72DC62FAC2CDE002C1838 /* HomePresenter.swift in Sources */,
				58408EBC2FAD3E52003504FE /* LeaguesPresenter.swift in Sources */,
				58408EBE2FAD3E6E003504FE /* LeaguesProtocols.swift in Sources */,
				5805A1E92FB2888100A426BF /* AppCoordinator.swift in Sources */,
				906A7D6B2FB22BEE00CC9913 /* TeamDetailsViewController.swift in Sources */,
				58408EC12FAD5A84003504FE /* LeaguesViewController.swift in Sources */,
			);
			runOnlyForDeploymentPostprocessing = 0;
		};
/* End PBXSourcesBuildPhase section */

/* Begin PBXVariantGroup section */
		9047A0CE2FAA7FC5005DDA89 /* LaunchScreen.storyboard */ = {
			isa = PBXVariantGroup;
			children = (
				9047A0CF2FAA7FC5005DDA89 /* Base */,
			);
			name = LaunchScreen.storyboard;
			sourceTree = "<group>";
		};
/* End PBXVariantGroup section */

/* Begin XCBuildConfiguration section */
		9047A0D22FAA7FC5005DDA89 /* Debug */ = {
			isa = XCBuildConfiguration;
			buildSettings = {
				ALWAYS_SEARCH_USER_PATHS = NO;
				CLANG_ANALYZER_NONNULL = YES;
				CLANG_ANALYZER_NUMBER_OBJECT_CONVERSION = YES_AGGRESSIVE;
				CLANG_CXX_LANGUAGE_STANDARD = "gnu++17";
				CLANG_CXX_LIBRARY = "libc++";
				CLANG_ENABLE_MODULES = YES;
				CLANG_ENABLE_OBJC_ARC = YES;
				CLANG_ENABLE_OBJC_WEAK = YES;
				CLANG_WARN_BLOCK_CAPTURE_AUTORELEASING = YES;
				CLANG_WARN_BOOL_CONVERSION = YES;
				CLANG_WARN_COMMA = YES;
				CLANG_WARN_CONSTANT_CONVERSION = YES;
				CLANG_WARN_DEPRECATED_OBJC_IMPLEMENTATIONS = YES;
				CLANG_WARN_DIRECT_OBJC_ISA_USAGE = YES_ERROR;
				CLANG_WARN_DOCUMENTATION_COMMENTS = YES;
				CLANG_WARN_EMPTY_BODY = YES;
				CLANG_WARN_ENUM_CONVERSION = YES;
				CLANG_WARN_INFINITE_RECURSION = YES;
				CLANG_WARN_INT_CONVERSION = YES;
				CLANG_WARN_NON_LITERAL_NULL_CONVERSION = YES;
				CLANG_WARN_OBJC_IMPLICIT_RETAIN_SELF = YES;
				CLANG_WARN_OBJC_LITERAL_CONVERSION = YES;
				CLANG_WARN_OBJC_ROOT_CLASS = YES_ERROR;
				CLANG_WARN_QUOTED_INCLUDE_IN_FRAMEWORK_HEADER = YES;
				CLANG_WARN_RANGE_LOOP_ANALYSIS = YES;
				CLANG_WARN_STRICT_PROTOTYPES = YES;
				CLANG_WARN_SUSPICIOUS_MOVE = YES;
				CLANG_WARN_UNGUARDED_AVAILABILITY = YES_AGGRESSIVE;
				CLANG_WARN_UNREACHABLE_CODE = YES;
				CLANG_WARN__DUPLICATE_METHOD_MATCH = YES;
				COPY_PHASE_STRIP = NO;
				DEBUG_INFORMATION_FORMAT = dwarf;
				ENABLE_STRICT_OBJC_MSGSEND = YES;
				ENABLE_TESTABILITY = YES;
				GCC_C_LANGUAGE_STANDARD = gnu11;
				GCC_DYNAMIC_NO_PIC = NO;
				GCC_NO_COMMON_BLOCKS = YES;
				GCC_OPTIMIZATION_LEVEL = 0;
				GCC_PREPROCESSOR_DEFINITIONS = (
					"DEBUG=1",
					"$(inherited)",
				);
				GCC_WARN_64_TO_32_BIT_CONVERSION = YES;
				GCC_WARN_ABOUT_RETURN_TYPE = YES_ERROR;
				GCC_WARN_UNDECLARED_SELECTOR = YES;
				GCC_WARN_UNINITIALIZED_AUTOS = YES_AGGRESSIVE;
				GCC_WARN_UNUSED_FUNCTION = YES;
				GCC_WARN_UNUSED_VARIABLE = YES;
				IPHONEOS_DEPLOYMENT_TARGET = 15.2;
				MTL_ENABLE_DEBUG_INFO = INCLUDE_SOURCE;
				MTL_FAST_MATH = YES;
				ONLY_ACTIVE_ARCH = YES;
				SDKROOT = iphoneos;
				SWIFT_ACTIVE_COMPILATION_CONDITIONS = DEBUG;
				SWIFT_OPTIMIZATION_LEVEL = "-Onone";
			};
			name = Debug;
		};
		9047A0D32FAA7FC5005DDA89 /* Release */ = {
			isa = XCBuildConfiguration;
			buildSettings = {
				ALWAYS_SEARCH_USER_PATHS = NO;
				CLANG_ANALYZER_NONNULL = YES;
				CLANG_ANALYZER_NUMBER_OBJECT_CONVERSION = YES_AGGRESSIVE;
				CLANG_CXX_LANGUAGE_STANDARD = "gnu++17";
				CLANG_CXX_LIBRARY = "libc++";
				CLANG_ENABLE_MODULES = YES;
				CLANG_ENABLE_OBJC_ARC = YES;
				CLANG_ENABLE_OBJC_WEAK = YES;
				CLANG_WARN_BLOCK_CAPTURE_AUTORELEASING = YES;
				CLANG_WARN_BOOL_CONVERSION = YES;
				CLANG_WARN_COMMA = YES;
				CLANG_WARN_CONSTANT_CONVERSION = YES;
				CLANG_WARN_DEPRECATED_OBJC_IMPLEMENTATIONS = YES;
				CLANG_WARN_DIRECT_OBJC_ISA_USAGE = YES_ERROR;
				CLANG_WARN_DOCUMENTATION_COMMENTS = YES;
				CLANG_WARN_EMPTY_BODY = YES;
				CLANG_WARN_ENUM_CONVERSION = YES;
				CLANG_WARN_INFINITE_RECURSION = YES;
				CLANG_WARN_INT_CONVERSION = YES;
				CLANG_WARN_NON_LITERAL_NULL_CONVERSION = YES;
				CLANG_WARN_OBJC_IMPLICIT_RETAIN_SELF = YES;
				CLANG_WARN_OBJC_LITERAL_CONVERSION = YES;
				CLANG_WARN_OBJC_ROOT_CLASS = YES_ERROR;
				CLANG_WARN_QUOTED_INCLUDE_IN_FRAMEWORK_HEADER = YES;
				CLANG_WARN_RANGE_LOOP_ANALYSIS = YES;
				CLANG_WARN_STRICT_PROTOTYPES = YES;
				CLANG_WARN_SUSPICIOUS_MOVE = YES;
				CLANG_WARN_UNGUARDED_AVAILABILITY = YES_AGGRESSIVE;
				CLANG_WARN_UNREACHABLE_CODE = YES;
				CLANG_WARN__DUPLICATE_METHOD_MATCH = YES;
				COPY_PHASE_STRIP = NO;
				DEBUG_INFORMATION_FORMAT = "dwarf-with-dsym";
				ENABLE_NS_ASSERTIONS = NO;
				ENABLE_STRICT_OBJC_MSGSEND = YES;
				GCC_C_LANGUAGE_STANDARD = gnu11;
				GCC_NO_COMMON_BLOCKS = YES;
				GCC_WARN_64_TO_32_BIT_CONVERSION = YES;
				GCC_WARN_ABOUT_RETURN_TYPE = YES_ERROR;
				GCC_WARN_UNDECLARED_SELECTOR = YES;
				GCC_WARN_UNINITIALIZED_AUTOS = YES_AGGRESSIVE;
				GCC_WARN_UNUSED_FUNCTION = YES;
				GCC_WARN_UNUSED_VARIABLE = YES;
				IPHONEOS_DEPLOYMENT_TARGET = 15.2;
				MTL_ENABLE_DEBUG_INFO = NO;
				MTL_FAST_MATH = YES;
				SDKROOT = iphoneos;
				SWIFT_COMPILATION_MODE = wholemodule;
				SWIFT_OPTIMIZATION_LEVEL = "-O";
				VALIDATE_PRODUCT = YES;
			};
			name = Release;
		};
		9047A0D52FAA7FC5005DDA89 /* Debug */ = {
			isa = XCBuildConfiguration;
			buildSettings = {
				ASSETCATALOG_COMPILER_APPICON_NAME = AppIcon;
				ASSETCATALOG_COMPILER_GLOBAL_ACCENT_COLOR_NAME = AccentColor;
				CODE_SIGN_STYLE = Automatic;
				CURRENT_PROJECT_VERSION = 1;
				GENERATE_INFOPLIST_FILE = YES;
				INFOPLIST_FILE = fantazy/Info.plist;
				INFOPLIST_KEY_UIApplicationSupportsIndirectInputEvents = YES;
				INFOPLIST_KEY_UILaunchStoryboardName = LaunchScreen;
				INFOPLIST_KEY_UIMainStoryboardFile = Main;
				INFOPLIST_KEY_UISupportedInterfaceOrientations_iPad = "UIInterfaceOrientationPortrait UIInterfaceOrientationPortraitUpsideDown UIInterfaceOrientationLandscapeLeft UIInterfaceOrientationLandscapeRight";
				INFOPLIST_KEY_UISupportedInterfaceOrientations_iPhone = "UIInterfaceOrientationPortrait UIInterfaceOrientationLandscapeLeft UIInterfaceOrientationLandscapeRight";
				LD_RUNPATH_SEARCH_PATHS = (
					"$(inherited)",
					"@executable_path/Frameworks",
				);
				MARKETING_VERSION = 1.0;
				PRODUCT_BUNDLE_IDENTIFIER = com.fantazy;
				PRODUCT_NAME = "$(TARGET_NAME)";
				SWIFT_EMIT_LOC_STRINGS = YES;
				SWIFT_VERSION = 5.0;
				TARGETED_DEVICE_FAMILY = "1,2";
			};
			name = Debug;
		};
		9047A0D62FAA7FC5005DDA89 /* Release */ = {
			isa = XCBuildConfiguration;
			buildSettings = {
				ASSETCATALOG_COMPILER_APPICON_NAME = AppIcon;
				ASSETCATALOG_COMPILER_GLOBAL_ACCENT_COLOR_NAME = AccentColor;
				CODE_SIGN_STYLE = Automatic;
				CURRENT_PROJECT_VERSION = 1;
				GENERATE_INFOPLIST_FILE = YES;
				INFOPLIST_FILE = fantazy/Info.plist;
				INFOPLIST_KEY_UIApplicationSupportsIndirectInputEvents = YES;
				INFOPLIST_KEY_UILaunchStoryboardName = LaunchScreen;
				INFOPLIST_KEY_UIMainStoryboardFile = Main;
				INFOPLIST_KEY_UISupportedInterfaceOrientations_iPad = "UIInterfaceOrientationPortrait UIInterfaceOrientationPortraitUpsideDown UIInterfaceOrientationLandscapeLeft UIInterfaceOrientationLandscapeRight";
				INFOPLIST_KEY_UISupportedInterfaceOrientations_iPhone = "UIInterfaceOrientationPortrait UIInterfaceOrientationLandscapeLeft UIInterfaceOrientationLandscapeRight";
				LD_RUNPATH_SEARCH_PATHS = (
					"$(inherited)",
					"@executable_path/Frameworks",
				);
				MARKETING_VERSION = 1.0;
				PRODUCT_BUNDLE_IDENTIFIER = com.fantazy;
				PRODUCT_NAME = "$(TARGET_NAME)";
				SWIFT_EMIT_LOC_STRINGS = YES;
				SWIFT_VERSION = 5.0;
				TARGETED_DEVICE_FAMILY = "1,2";
			};
			name = Release;
		};
/* End XCBuildConfiguration section */

/* Begin XCConfigurationList section */
		9047A0B82FAA7FC4005DDA89 /* Build configuration list for PBXProject "fantazy" */ = {
			isa = XCConfigurationList;
			buildConfigurations = (
				9047A0D22FAA7FC5005DDA89 /* Debug */,
				9047A0D32FAA7FC5005DDA89 /* Release */,
			);
			defaultConfigurationIsVisible = 0;
			defaultConfigurationName = Release;
		};
		9047A0D42FAA7FC5005DDA89 /* Build configuration list for PBXNativeTarget "fantazy" */ = {
			isa = XCConfigurationList;
			buildConfigurations = (
				9047A0D52FAA7FC5005DDA89 /* Debug */,
				9047A0D62FAA7FC5005DDA89 /* Release */,
			);
			defaultConfigurationIsVisible = 0;
			defaultConfigurationName = Release;
		};
/* End XCConfigurationList section */

/* Begin XCRemoteSwiftPackageReference section */
		5882226F2FAD9E72000C760B /* XCRemoteSwiftPackageReference "SDWebImage" */ = {
			isa = XCRemoteSwiftPackageReference;
			repositoryURL = "https://github.com/SDWebImage/SDWebImage";
			requirement = {
				kind = exactVersion;
				version = 5.10.0;
			};
		};
/* End XCRemoteSwiftPackageReference section */

/* Begin XCSwiftPackageProductDependency section */
		588222702FAD9E72000C760B /* SDWebImage */ = {
			isa = XCSwiftPackageProductDependency;
			package = 5882226F2FAD9E72000C760B /* XCRemoteSwiftPackageReference "SDWebImage" */;
			productName = SDWebImage;
		};
		588222722FAD9E72000C760B /* SDWebImageMapKit */ = {
			isa = XCSwiftPackageProductDependency;
			package = 5882226F2FAD9E72000C760B /* XCRemoteSwiftPackageReference "SDWebImage" */;
			productName = SDWebImageMapKit;
		};
/* End XCSwiftPackageProductDependency section */

/* Begin XCVersionGroup section */
		9047A0C92FAA7FC4005DDA89 /* fantazy.xcdatamodeld */ = {
			isa = XCVersionGroup;
			children = (
			);
			path = fantazy.xcdatamodeld;
			sourceTree = "<group>";
			versionGroupType = wrapper.xcdatamodel;
		};
/* End XCVersionGroup section */
	};
	rootObject = 9047A0B52FAA7FC4005DDA89 /* Project object */;
}
