// !$*UTF8*$!
{
	archiveVersion = 1;
	classes = {
	};
	objectVersion = 55;
	objects = {

/* Begin PBXBuildFile section */
		9047A0C12FAA7FC4005DDA89 /* AppDelegate.swift in Sources */ = {isa = PBXBuildFile; fileRef = 9047A0C02FAA7FC4005DDA89 /* AppDelegate.swift */; };
		9047A0C32FAA7FC4005DDA89 /* SceneDelegate.swift in Sources */ = {isa = PBXBuildFile; fileRef = 9047A0C22FAA7FC4005DDA89 /* SceneDelegate.swift */; };
		9047A0C52FAA7FC4005DDA89 /* ViewController.swift in Sources */ = {isa = PBXBuildFile; fileRef = 9047A0C42FAA7FC4005DDA89 /* ViewController.swift */; };
		9047A0C82FAA7FC4005DDA89 /* Main.storyboard in Resources */ = {isa = PBXBuildFile; fileRef = 9047A0C62FAA7FC4005DDA89 /* Main.storyboard */; };
		9047A0CB2FAA7FC4005DDA89 /* fantazy.xcdatamodeld in Sources */ = {isa = PBXBuildFile; fileRef = 9047A0C92FAA7FC4005DDA89 /* fantazy.xcdatamodeld */; };
		9047A0CD2FAA7FC5005DDA89 /* Assets.xcassets in Resources */ = {isa = PBXBuildFile; fileRef = 9047A0CC2FAA7FC5005DDA89 /* Assets.xcassets */; };
		9047A0D02FAA7FC5005DDA89 /* LaunchScreen.storyboard in Resources */ = {isa = PBXBuildFile; fileRef = 9047A0CE2FAA7FC5005DDA89 /* LaunchScreen.storyboard */; };
		906A7D282FB222DA00CC9913 /* FavoritesContract.swift in Sources */ = {isa = PBXBuildFile; fileRef = 906A7D202FB222DA00CC9913 /* FavoritesContract.swift */; };
		906A7D292FB222DA00CC9913 /* FavoriteTableViewCell.xib in Resources */ = {isa = PBXBuildFile; fileRef = 906A7D222FB222DA00CC9913 /* FavoriteTableViewCell.xib */; };
		906A7D2A2FB222DA00CC9913 /* FavoriteTableViewCell.swift in Sources */ = {isa = PBXBuildFile; fileRef = 906A7D232FB222DA00CC9913 /* FavoriteTableViewCell.swift */; };
		906A7D2B2FB222DA00CC9913 /* FavoritesViewController.swift in Sources */ = {isa = PBXBuildFile; fileRef = 906A7D252FB222DA00CC9913 /* FavoritesViewController.swift */; };
		906A7D2C2FB222DA00CC9913 /* FavoritesViewController.xib in Resources */ = {isa = PBXBuildFile; fileRef = 906A7D262FB222DA00CC9913 /* FavoritesViewController.xib */; };
		906A7D2D2FB222DA00CC9913 /* FavoritesPresenter.swift in Sources */ = {isa = PBXBuildFile; fileRef = 906A7D272FB222DA00CC9913 /* FavoritesPresenter.swift */; };
		907CF61D2FABA63500E8DF67 /* HomeContract.swift in Sources */ = {isa = PBXBuildFile; fileRef = 907CF61C2FABA63500E8DF67 /* HomeContract.swift */; };
		907CF61F2FABA65E00E8DF67 /* NetworkConnectivity.swift in Sources */ = {isa = PBXBuildFile; fileRef = 907CF61E2FABA65E00E8DF67 /* NetworkConnectivity.swift */; };
		907CF6222FABA68C00E8DF67 /* SportsRepositotyProtocol.swift in Sources */ = {isa = PBXBuildFile; fileRef = 907CF6212FABA68C00E8DF67 /* SportsRepositotyProtocol.swift */; };
		907CF6262FABA6C100E8DF67 /* SportsRepositoty.swift in Sources */ = {isa = PBXBuildFile; fileRef = 907CF6252FABA6C100E8DF67 /* SportsRepositoty.swift */; };
		907CF62B2FABA70200E8DF67 /* LocalDataSourceProtocol.swift in Sources */ = {isa = PBXBuildFile; fileRef = 907CF62A2FABA70200E8DF67 /* LocalDataSourceProtocol.swift */; };
		907CF62D2FABA71C00E8DF67 /* LocalDataSource.swift in Sources */ = {isa = PBXBuildFile; fileRef = 907CF62C2FABA71C00E8DF67 /* LocalDataSource.swift */; };
		907CF62F2FABA74100E8DF67 /* RemoteDataSourceProtocol.swift in Sources */ = {isa = PBXBuildFile; fileRef = 907CF62E2FABA74100E8DF67 /* RemoteDataSourceProtocol.swift */; };
		907CF6312FABA75400E8DF67 /* RemoteDataSource.swift in Sources */ = {isa = PBXBuildFile; fileRef = 907CF6302FABA75400E8DF67 /* RemoteDataSource.swift */; };
		907CF6332FABA83500E8DF67 /* LeadueDao.swift in Sources */ = {isa = PBXBuildFile; fileRef = 907CF6322FABA83500E8DF67 /* LeadueDao.swift */; };
		90C72DB72FAC1D41002C1838 /* AppColors.swift in Sources */ = {isa = PBXBuildFile; fileRef = 90C72DB62FAC1D41002C1838 /* AppColors.swift */; };
/* End PBXBuildFile section */

/* Begin PBXFileReference section */
		9047A0BD2FAA7FC4005DDA89 /* fantazy.app */ = {isa = PBXFileReference; explicitFileType = wrapper.application; includeInIndex = 0; path = fantazy.app; sourceTree = BUILT_PRODUCTS_DIR; };
		9047A0C02FAA7FC4005DDA89 /* AppDelegate.swift */ = {isa = PBXFileReference; lastKnownFileType = sourcecode.swift; path = AppDelegate.swift; sourceTree = "<group>"; };
		9047A0C22FAA7FC4005DDA89 /* SceneDelegate.swift */ = {isa = PBXFileReference; lastKnownFileType = sourcecode.swift; path = SceneDelegate.swift; sourceTree = "<group>"; };
		9047A0C42FAA7FC4005DDA89 /* ViewController.swift */ = {isa = PBXFileReference; lastKnownFileType = sourcecode.swift; path = ViewController.swift; sourceTree = "<group>"; };
		9047A0C72FAA7FC4005DDA89 /* Base */ = {isa = PBXFileReference; lastKnownFileType = file.storyboard; name = Base; path = Base.lproj/Main.storyboard; sourceTree = "<group>"; };
		9047A0CA2FAA7FC4005DDA89 /* fantazy.xcdatamodel */ = {isa = PBXFileReference; lastKnownFileType = wrapper.xcdatamodel; path = fantazy.xcdatamodel; sourceTree = "<group>"; };
		9047A0CC2FAA7FC5005DDA89 /* Assets.xcassets */ = {isa = PBXFileReference; lastKnownFileType = folder.assetcatalog; path = Assets.xcassets; sourceTree = "<group>"; };
		9047A0CF2FAA7FC5005DDA89 /* Base */ = {isa = PBXFileReference; lastKnownFileType = file.storyboard; name = Base; path = Base.lproj/LaunchScreen.storyboard; sourceTree = "<group>"; };
		9047A0D12FAA7FC5005DDA89 /* Info.plist */ = {isa = PBXFileReference; lastKnownFileType = text.plist.xml; path = Info.plist; sourceTree = "<group>"; };
		906A7D202FB222DA00CC9913 /* FavoritesContract.swift */ = {isa = PBXFileReference; fileEncoding = 4; lastKnownFileType = sourcecode.swift; path = FavoritesContract.swift; sourceTree = "<group>"; };
		906A7D222FB222DA00CC9913 /* FavoriteTableViewCell.xib */ = {isa = PBXFileReference; fileEncoding = 4; lastKnownFileType = file.xib; path = FavoriteTableViewCell.xib; sourceTree = "<group>"; };
		906A7D232FB222DA00CC9913 /* FavoriteTableViewCell.swift */ = {isa = PBXFileReference; fileEncoding = 4; lastKnownFileType = sourcecode.swift; path = FavoriteTableViewCell.swift; sourceTree = "<group>"; };
		906A7D252FB222DA00CC9913 /* FavoritesViewController.swift */ = {isa = PBXFileReference; fileEncoding = 4; lastKnownFileType = sourcecode.swift; path = FavoritesViewController.swift; sourceTree = "<group>"; };
		906A7D262FB222DA00CC9913 /* FavoritesViewController.xib */ = {isa = PBXFileReference; fileEncoding = 4; lastKnownFileType = file.xib; path = FavoritesViewController.xib; sourceTree = "<group>"; };
		906A7D272FB222DA00CC9913 /* FavoritesPresenter.swift */ = {isa = PBXFileReference; fileEncoding = 4; lastKnownFileType = sourcecode.swift; path = FavoritesPresenter.swift; sourceTree = "<group>"; };
		907CF61C2FABA63500E8DF67 /* HomeContract.swift */ = {isa = PBXFileReference; lastKnownFileType = sourcecode.swift; path = HomeContract.swift; sourceTree = "<group>"; };
		907CF61E2FABA65E00E8DF67 /* NetworkConnectivity.swift */ = {isa = PBXFileReference; lastKnownFileType = sourcecode.swift; path = NetworkConnectivity.swift; sourceTree = "<group>"; };
		907CF6212FABA68C00E8DF67 /* SportsRepositotyProtocol.swift */ = {isa = PBXFileReference; lastKnownFileType = sourcecode.swift; path = SportsRepositotyProtocol.swift; sourceTree = "<group>"; };
		907CF6252FABA6C100E8DF67 /* SportsRepositoty.swift */ = {isa = PBXFileReference; lastKnownFileType = sourcecode.swift; path = SportsRepositoty.swift; sourceTree = "<group>"; };
		907CF62A2FABA70200E8DF67 /* LocalDataSourceProtocol.swift */ = {isa = PBXFileReference; lastKnownFileType = sourcecode.swift; path = LocalDataSourceProtocol.swift; sourceTree = "<group>"; };
		907CF62C2FABA71C00E8DF67 /* LocalDataSource.swift */ = {isa = PBXFileReference; lastKnownFileType = sourcecode.swift; path = LocalDataSource.swift; sourceTree = "<group>"; };
		907CF62E2FABA74100E8DF67 /* RemoteDataSourceProtocol.swift */ = {isa = PBXFileReference; lastKnownFileType = sourcecode.swift; path = RemoteDataSourceProtocol.swift; sourceTree = "<group>"; };
		907CF6302FABA75400E8DF67 /* RemoteDataSource.swift */ = {isa = PBXFileReference; lastKnownFileType = sourcecode.swift; path = RemoteDataSource.swift; sourceTree = "<group>"; };
		907CF6322FABA83500E8DF67 /* LeadueDao.swift */ = {isa = PBXFileReference; lastKnownFileType = sourcecode.swift; path = LeadueDao.swift; sourceTree = "<group>"; };
		90C72DB62FAC1D41002C1838 /* AppColors.swift */ = {isa = PBXFileReference; lastKnownFileType = sourcecode.swift; path = AppColors.swift; sourceTree = "<group>"; };
/* End PBXFileReference section */

/* Begin PBXFrameworksBuildPhase section */
		9047A0BA2FAA7FC4005DDA89 /* Frameworks */ = {
			isa = PBXFrameworksBuildPhase;
			buildActionMask = 2147483647;
			files = (
			);
			runOnlyForDeploymentPostprocessing = 0;
		};
/* End PBXFrameworksBuildPhase section */

/* Begin PBXGroup section */
		9047A0B42FAA7FC4005DDA89 = {
			isa = PBXGroup;
			children = (
				9047A0BF2FAA7FC4005DDA89 /* fantazy */,
				9047A0BE2FAA7FC4005DDA89 /* Products */,
			);
			sourceTree = "<group>";
		};
		9047A0BE2FAA7FC4005DDA89 /* Products */ = {
			isa = PBXGroup;
			children = (
				9047A0BD2FAA7FC4005DDA89 /* fantazy.app */,
			);
			name = Products;
			sourceTree = "<group>";
		};
		9047A0BF2FAA7FC4005DDA89 /* fantazy */ = {
			isa = PBXGroup;
			children = (
				907CF6172FABA5F100E8DF67 /* data */,
				907CF6192FABA60100E8DF67 /* domain */,
				907CF6182FABA5FA00E8DF67 /* utils */,
				907CF61A2FABA60700E8DF67 /* presenetation */,
				9047A0C02FAA7FC4005DDA89 /* AppDelegate.swift */,
				9047A0C22FAA7FC4005DDA89 /* SceneDelegate.swift */,
				9047A0C42FAA7FC4005DDA89 /* ViewController.swift */,
				9047A0C62FAA7FC4005DDA89 /* Main.storyboard */,
				9047A0CC2FAA7FC5005DDA89 /* Assets.xcassets */,
				9047A0CE2FAA7FC5005DDA89 /* LaunchScreen.storyboard */,
				9047A0D12FAA7FC5005DDA89 /* Info.plist */,
			);
			path = fantazy;
			sourceTree = "<group>";
		};
		906A7D1F2FB222DA00CC9913 /* favorite */ = {
			isa = PBXGroup;
			children = (
				906A7D202FB222DA00CC9913 /* FavoritesContract.swift */,
				906A7D212FB222DA00CC9913 /* components */,
				906A7D242FB222DA00CC9913 /* screen */,
				906A7D272FB222DA00CC9913 /* FavoritesPresenter.swift */,
			);
			path = favorite;
			sourceTree = "<group>";
		};
		906A7D212FB222DA00CC9913 /* components */ = {
			isa = PBXGroup;
			children = (
				906A7D222FB222DA00CC9913 /* FavoriteTableViewCell.xib */,
				906A7D232FB222DA00CC9913 /* FavoriteTableViewCell.swift */,
			);
			path = components;
			sourceTree = "<group>";
		};
		906A7D242FB222DA00CC9913 /* screen */ = {
			isa = PBXGroup;
			children = (
				906A7D252FB222DA00CC9913 /* FavoritesViewController.swift */,
				906A7D262FB222DA00CC9913 /* FavoritesViewController.xib */,
			);
			path = screen;
			sourceTree = "<group>";
		};
		907CF6172FABA5F100E8DF67 /* data */ = {
			isa = PBXGroup;
			children = (
				907CF6272FABA6D400E8DF67 /* datasources */,
				907CF6242FABA6B100E8DF67 /* repository */,
				907CF6232FABA6AB00E8DF67 /* database */,
			);
			path = data;
			sourceTree = "<group>";
		};
		907CF6182FABA5FA00E8DF67 /* utils */ = {
			isa = PBXGroup;
			children = (
				907CF61E2FABA65E00E8DF67 /* NetworkConnectivity.swift */,
			);
			path = utils;
			sourceTree = "<group>";
		};
		907CF6192FABA60100E8DF67 /* domain */ = {
			isa = PBXGroup;
			children = (
				907CF6202FABA67100E8DF67 /* repository */,
			);
			path = domain;
			sourceTree = "<group>";
		};
		907CF61A2FABA60700E8DF67 /* presenetation */ = {
			isa = PBXGroup;
			children = (
				906A7D1F2FB222DA00CC9913 /* favorite */,
				90C72DB52FAC1D35002C1838 /* theme */,
				907CF61B2FABA62100E8DF67 /* Home */,
			);
			path = presenetation;
			sourceTree = "<group>";
		};
		907CF61B2FABA62100E8DF67 /* Home */ = {
			isa = PBXGroup;
			children = (
				907CF61C2FABA63500E8DF67 /* HomeContract.swift */,
			);
			path = Home;
			sourceTree = "<group>";
		};
		907CF6202FABA67100E8DF67 /* repository */ = {
			isa = PBXGroup;
			children = (
				907CF6212FABA68C00E8DF67 /* SportsRepositotyProtocol.swift */,
			);
			path = repository;
			sourceTree = "<group>";
		};
		907CF6232FABA6AB00E8DF67 /* database */ = {
			isa = PBXGroup;
			children = (
				9047A0C92FAA7FC4005DDA89 /* fantazy.xcdatamodeld */,
				907CF6322FABA83500E8DF67 /* LeadueDao.swift */,
			);
			path = database;
			sourceTree = "<group>";
		};
		907CF6242FABA6B100E8DF67 /* repository */ = {
			isa = PBXGroup;
			children = (
				907CF6252FABA6C100E8DF67 /* SportsRepositoty.swift */,
			);
			path = repository;
			sourceTree = "<group>";
		};
		907CF6272FABA6D400E8DF67 /* datasources */ = {
			isa = PBXGroup;
			children = (
				907CF6292FABA6E300E8DF67 /* remote */,
				907CF6282FABA6DF00E8DF67 /* local */,
			);
			path = datasources;
			sourceTree = "<group>";
		};
		907CF6282FABA6DF00E8DF67 /* local */ = {
			isa = PBXGroup;
			children = (
				907CF62A2FABA70200E8DF67 /* LocalDataSourceProtocol.swift */,
				907CF62C2FABA71C00E8DF67 /* LocalDataSource.swift */,
			);
			path = local;
			sourceTree = "<group>";
		};
		907CF6292FABA6E300E8DF67 /* remote */ = {
			isa = PBXGroup;
			children = (
				907CF62E2FABA74100E8DF67 /* RemoteDataSourceProtocol.swift */,
				907CF6302FABA75400E8DF67 /* RemoteDataSource.swift */,
			);
			path = remote;
			sourceTree = "<group>";
		};
		90C72DB52FAC1D35002C1838 /* theme */ = {
			isa = PBXGroup;
			children = (
				90C72DB62FAC1D41002C1838 /* AppColors.swift */,
			);
			path = theme;
			sourceTree = "<group>";
		};
/* End PBXGroup section */

/* Begin PBXNativeTarget section */
		9047A0BC2FAA7FC4005DDA89 /* fantazy */ = {
			isa = PBXNativeTarget;
			buildConfigurationList = 9047A0D42FAA7FC5005DDA89 /* Build configuration list for PBXNativeTarget "fantazy" */;
			buildPhases = (
				9047A0B92FAA7FC4005DDA89 /* Sources */,
				9047A0BA2FAA7FC4005DDA89 /* Frameworks */,
				9047A0BB2FAA7FC4005DDA89 /* Resources */,
			);
			buildRules = (
			);
			dependencies = (
			);
			name = fantazy;
			productName = fantazy;
			productReference = 9047A0BD2FAA7FC4005DDA89 /* fantazy.app */;
			productType = "com.apple.product-type.application";
		};
/* End PBXNativeTarget section */

/* Begin PBXProject section */
		9047A0B52FAA7FC4005DDA89 /* Project object */ = {
			isa = PBXProject;
			attributes = {
				BuildIndependentTargetsInParallel = 1;
				LastSwiftUpdateCheck = 1320;
				LastUpgradeCheck = 1320;
				TargetAttributes = {
					9047A0BC2FAA7FC4005DDA89 = {
						CreatedOnToolsVersion = 13.2;
					};
				};
			};
			buildConfigurationList = 9047A0B82FAA7FC4005DDA89 /* Build configuration list for PBXProject "fantazy" */;
			compatibilityVersion = "Xcode 13.0";
			developmentRegion = en;
			hasScannedForEncodings = 0;
			knownRegions = (
				en,
				Base,
			);
			mainGroup = 9047A0B42FAA7FC4005DDA89;
			productRefGroup = 9047A0BE2FAA7FC4005DDA89 /* Products */;
			projectDirPath = "";
			projectRoot = "";
			targets = (
				9047A0BC2FAA7FC4005DDA89 /* fantazy */,
			);
		};
/* End PBXProject section */

/* Begin PBXResourcesBuildPhase section */
		9047A0BB2FAA7FC4005DDA89 /* Resources */ = {
			isa = PBXResourcesBuildPhase;
			buildActionMask = 2147483647;
			files = (
				9047A0D02FAA7FC5005DDA89 /* LaunchScreen.storyboard in Resources */,
				906A7D292FB222DA00CC9913 /* FavoriteTableViewCell.xib in Resources */,
				9047A0CD2FAA7FC5005DDA89 /* Assets.xcassets in Resources */,
				906A7D2C2FB222DA00CC9913 /* FavoritesViewController.xib in Resources */,
				9047A0C82FAA7FC4005DDA89 /* Main.storyboard in Resources */,
			);
			runOnlyForDeploymentPostprocessing = 0;
		};
/* End PBXResourcesBuildPhase section */

/* Begin PBXSourcesBuildPhase section */
		9047A0B92FAA7FC4005DDA89 /* Sources */ = {
			isa = PBXSourcesBuildPhase;
			buildActionMask = 2147483647;
			files = (
				907CF62D2FABA71C00E8DF67 /* LocalDataSource.swift in Sources */,
				9047A0C52FAA7FC4005DDA89 /* ViewController.swift in Sources */,
				907CF61F2FABA65E00E8DF67 /* NetworkConnectivity.swift in Sources */,
				907CF6222FABA68C00E8DF67 /* SportsRepositotyProtocol.swift in Sources */,
				907CF6312FABA75400E8DF67 /* RemoteDataSource.swift in Sources */,
				9047A0CB2FAA7FC4005DDA89 /* fantazy.xcdatamodeld in Sources */,
				907CF6332FABA83500E8DF67 /* LeadueDao.swift in Sources */,
				906A7D282FB222DA00CC9913 /* FavoritesContract.swift in Sources */,
				906A7D2B2FB222DA00CC9913 /* FavoritesViewController.swift in Sources */,
				907CF61D2FABA63500E8DF67 /* HomeContract.swift in Sources */,
				906A7D2A2FB222DA00CC9913 /* FavoriteTableViewCell.swift in Sources */,
				9047A0C12FAA7FC4005DDA89 /* AppDelegate.swift in Sources */,
				907CF6262FABA6C100E8DF67 /* SportsRepositoty.swift in Sources */,
				907CF62B2FABA70200E8DF67 /* LocalDataSourceProtocol.swift in Sources */,
				906A7D2D2FB222DA00CC9913 /* FavoritesPresenter.swift in Sources */,
				90C72DB72FAC1D41002C1838 /* AppColors.swift in Sources */,
				9047A0C32FAA7FC4005DDA89 /* SceneDelegate.swift in Sources */,
				907CF62F2FABA74100E8DF67 /* RemoteDataSourceProtocol.swift in Sources */,
			);
			runOnlyForDeploymentPostprocessing = 0;
		};
/* End PBXSourcesBuildPhase section */

/* Begin PBXVariantGroup section */
		9047A0C62FAA7FC4005DDA89 /* Main.storyboard */ = {
			isa = PBXVariantGroup;
			children = (
				9047A0C72FAA7FC4005DDA89 /* Base */,
			);
			name = Main.storyboard;
			sourceTree = "<group>";
		};
		9047A0CE2FAA7FC5005DDA89 /* LaunchScreen.storyboard */ = {
			isa = PBXVariantGroup;
			children = (
				9047A0CF2FAA7FC5005DDA89 /* Base */,
			);
			name = LaunchScreen.storyboard;
			sourceTree = "<group>";
		};
/* End PBXVariantGroup section */

/* Begin XCBuildConfiguration section */
		9047A0D22FAA7FC5005DDA89 /* Debug */ = {
			isa = XCBuildConfiguration;
			buildSettings = {
				ALWAYS_SEARCH_USER_PATHS = NO;
				CLANG_ANALYZER_NONNULL = YES;
				CLANG_ANALYZER_NUMBER_OBJECT_CONVERSION = YES_AGGRESSIVE;
				CLANG_CXX_LANGUAGE_STANDARD = "gnu++17";
				CLANG_CXX_LIBRARY = "libc++";
				CLANG_ENABLE_MODULES = YES;
				CLANG_ENABLE_OBJC_ARC = YES;
				CLANG_ENABLE_OBJC_WEAK = YES;
				CLANG_WARN_BLOCK_CAPTURE_AUTORELEASING = YES;
				CLANG_WARN_BOOL_CONVERSION = YES;
				CLANG_WARN_COMMA = YES;
				CLANG_WARN_CONSTANT_CONVERSION = YES;
				CLANG_WARN_DEPRECATED_OBJC_IMPLEMENTATIONS = YES;
				CLANG_WARN_DIRECT_OBJC_ISA_USAGE = YES_ERROR;
				CLANG_WARN_DOCUMENTATION_COMMENTS = YES;
				CLANG_WARN_EMPTY_BODY = YES;
				CLANG_WARN_ENUM_CONVERSION = YES;
				CLANG_WARN_INFINITE_RECURSION = YES;
				CLANG_WARN_INT_CONVERSION = YES;
				CLANG_WARN_NON_LITERAL_NULL_CONVERSION = YES;
				CLANG_WARN_OBJC_IMPLICIT_RETAIN_SELF = YES;
				CLANG_WARN_OBJC_LITERAL_CONVERSION = YES;
				CLANG_WARN_OBJC_ROOT_CLASS = YES_ERROR;
				CLANG_WARN_QUOTED_INCLUDE_IN_FRAMEWORK_HEADER = YES;
				CLANG_WARN_RANGE_LOOP_ANALYSIS = YES;
				CLANG_WARN_STRICT_PROTOTYPES = YES;
				CLANG_WARN_SUSPICIOUS_MOVE = YES;
				CLANG_WARN_UNGUARDED_AVAILABILITY = YES_AGGRESSIVE;
				CLANG_WARN_UNREACHABLE_CODE = YES;
				CLANG_WARN__DUPLICATE_METHOD_MATCH = YES;
				COPY_PHASE_STRIP = NO;
				DEBUG_INFORMATION_FORMAT = dwarf;
				ENABLE_STRICT_OBJC_MSGSEND = YES;
				ENABLE_TESTABILITY = YES;
				GCC_C_LANGUAGE_STANDARD = gnu11;
				GCC_DYNAMIC_NO_PIC = NO;
				GCC_NO_COMMON_BLOCKS = YES;
				GCC_OPTIMIZATION_LEVEL = 0;
				GCC_PREPROCESSOR_DEFINITIONS = (
					"DEBUG=1",
					"$(inherited)",
				);
				GCC_WARN_64_TO_32_BIT_CONVERSION = YES;
				GCC_WARN_ABOUT_RETURN_TYPE = YES_ERROR;
				GCC_WARN_UNDECLARED_SELECTOR = YES;
				GCC_WARN_UNINITIALIZED_AUTOS = YES_AGGRESSIVE;
				GCC_WARN_UNUSED_FUNCTION = YES;
				GCC_WARN_UNUSED_VARIABLE = YES;
				IPHONEOS_DEPLOYMENT_TARGET = 15.2;
				MTL_ENABLE_DEBUG_INFO = INCLUDE_SOURCE;
				MTL_FAST_MATH = YES;
				ONLY_ACTIVE_ARCH = YES;
				SDKROOT = iphoneos;
				SWIFT_ACTIVE_COMPILATION_CONDITIONS = DEBUG;
				SWIFT_OPTIMIZATION_LEVEL = "-Onone";
			};
			name = Debug;
		};
		9047A0D32FAA7FC5005DDA89 /* Release */ = {
			isa = XCBuildConfiguration;
			buildSettings = {
				ALWAYS_SEARCH_USER_PATHS = NO;
				CLANG_ANALYZER_NONNULL = YES;
				CLANG_ANALYZER_NUMBER_OBJECT_CONVERSION = YES_AGGRESSIVE;
				CLANG_CXX_LANGUAGE_STANDARD = "gnu++17";
				CLANG_CXX_LIBRARY = "libc++";
				CLANG_ENABLE_MODULES = YES;
				CLANG_ENABLE_OBJC_ARC = YES;
				CLANG_ENABLE_OBJC_WEAK = YES;
				CLANG_WARN_BLOCK_CAPTURE_AUTORELEASING = YES;
				CLANG_WARN_BOOL_CONVERSION = YES;
				CLANG_WARN_COMMA = YES;
				CLANG_WARN_CONSTANT_CONVERSION = YES;
				CLANG_WARN_DEPRECATED_OBJC_IMPLEMENTATIONS = YES;
				CLANG_WARN_DIRECT_OBJC_ISA_USAGE = YES_ERROR;
				CLANG_WARN_DOCUMENTATION_COMMENTS = YES;
				CLANG_WARN_EMPTY_BODY = YES;
				CLANG_WARN_ENUM_CONVERSION = YES;
				CLANG_WARN_INFINITE_RECURSION = YES;
				CLANG_WARN_INT_CONVERSION = YES;
				CLANG_WARN_NON_LITERAL_NULL_CONVERSION = YES;
				CLANG_WARN_OBJC_IMPLICIT_RETAIN_SELF = YES;
				CLANG_WARN_OBJC_LITERAL_CONVERSION = YES;
				CLANG_WARN_OBJC_ROOT_CLASS = YES_ERROR;
				CLANG_WARN_QUOTED_INCLUDE_IN_FRAMEWORK_HEADER = YES;
				CLANG_WARN_RANGE_LOOP_ANALYSIS = YES;
				CLANG_WARN_STRICT_PROTOTYPES = YES;
				CLANG_WARN_SUSPICIOUS_MOVE = YES;
				CLANG_WARN_UNGUARDED_AVAILABILITY = YES_AGGRESSIVE;
				CLANG_WARN_UNREACHABLE_CODE = YES;
				CLANG_WARN__DUPLICATE_METHOD_MATCH = YES;
				COPY_PHASE_STRIP = NO;
				DEBUG_INFORMATION_FORMAT = "dwarf-with-dsym";
				ENABLE_NS_ASSERTIONS = NO;
				ENABLE_STRICT_OBJC_MSGSEND = YES;
				GCC_C_LANGUAGE_STANDARD = gnu11;
				GCC_NO_COMMON_BLOCKS = YES;
				GCC_WARN_64_TO_32_BIT_CONVERSION = YES;
				GCC_WARN_ABOUT_RETURN_TYPE = YES_ERROR;
				GCC_WARN_UNDECLARED_SELECTOR = YES;
				GCC_WARN_UNINITIALIZED_AUTOS = YES_AGGRESSIVE;
				GCC_WARN_UNUSED_FUNCTION = YES;
				GCC_WARN_UNUSED_VARIABLE = YES;
				IPHONEOS_DEPLOYMENT_TARGET = 15.2;
				MTL_ENABLE_DEBUG_INFO = NO;
				MTL_FAST_MATH = YES;
				SDKROOT = iphoneos;
				SWIFT_COMPILATION_MODE = wholemodule;
				SWIFT_OPTIMIZATION_LEVEL = "-O";
				VALIDATE_PRODUCT = YES;
			};
			name = Release;
		};
		9047A0D52FAA7FC5005DDA89 /* Debug */ = {
			isa = XCBuildConfiguration;
			buildSettings = {
				ASSETCATALOG_COMPILER_APPICON_NAME = AppIcon;
				ASSETCATALOG_COMPILER_GLOBAL_ACCENT_COLOR_NAME = AccentColor;
				CODE_SIGN_STYLE = Automatic;
				CURRENT_PROJECT_VERSION = 1;
				GENERATE_INFOPLIST_FILE = YES;
				INFOPLIST_FILE = fantazy/Info.plist;
				INFOPLIST_KEY_UIApplicationSupportsIndirectInputEvents = YES;
				INFOPLIST_KEY_UILaunchStoryboardName = LaunchScreen;
				INFOPLIST_KEY_UIMainStoryboardFile = Main;
				INFOPLIST_KEY_UISupportedInterfaceOrientations_iPad = "UIInterfaceOrientationPortrait UIInterfaceOrientationPortraitUpsideDown UIInterfaceOrientationLandscapeLeft UIInterfaceOrientationLandscapeRight";
				INFOPLIST_KEY_UISupportedInterfaceOrientations_iPhone = "UIInterfaceOrientationPortrait UIInterfaceOrientationLandscapeLeft UIInterfaceOrientationLandscapeRight";
				LD_RUNPATH_SEARCH_PATHS = (
					"$(inherited)",
					"@executable_path/Frameworks",
				);
				MARKETING_VERSION = 1.0;
				PRODUCT_BUNDLE_IDENTIFIER = com.fantazy;
				PRODUCT_NAME = "$(TARGET_NAME)";
				SWIFT_EMIT_LOC_STRINGS = YES;
				SWIFT_VERSION = 5.0;
				TARGETED_DEVICE_FAMILY = "1,2";
			};
			name = Debug;
		};
		9047A0D62FAA7FC5005DDA89 /* Release */ = {
			isa = XCBuildConfiguration;
			buildSettings = {
				ASSETCATALOG_COMPILER_APPICON_NAME = AppIcon;
				ASSETCATALOG_COMPILER_GLOBAL_ACCENT_COLOR_NAME = AccentColor;
				CODE_SIGN_STYLE = Automatic;
				CURRENT_PROJECT_VERSION = 1;
				GENERATE_INFOPLIST_FILE = YES;
				INFOPLIST_FILE = fantazy/Info.plist;
				INFOPLIST_KEY_UIApplicationSupportsIndirectInputEvents = YES;
				INFOPLIST_KEY_UILaunchStoryboardName = LaunchScreen;
				INFOPLIST_KEY_UIMainStoryboardFile = Main;
				INFOPLIST_KEY_UISupportedInterfaceOrientations_iPad = "UIInterfaceOrientationPortrait UIInterfaceOrientationPortraitUpsideDown UIInterfaceOrientationLandscapeLeft UIInterfaceOrientationLandscapeRight";
				INFOPLIST_KEY_UISupportedInterfaceOrientations_iPhone = "UIInterfaceOrientationPortrait UIInterfaceOrientationLandscapeLeft UIInterfaceOrientationLandscapeRight";
				LD_RUNPATH_SEARCH_PATHS = (
					"$(inherited)",
					"@executable_path/Frameworks",
				);
				MARKETING_VERSION = 1.0;
				PRODUCT_BUNDLE_IDENTIFIER = com.fantazy;
				PRODUCT_NAME = "$(TARGET_NAME)";
				SWIFT_EMIT_LOC_STRINGS = YES;
				SWIFT_VERSION = 5.0;
				TARGETED_DEVICE_FAMILY = "1,2";
			};
			name = Release;
		};
/* End XCBuildConfiguration section */

/* Begin XCConfigurationList section */
		9047A0B82FAA7FC4005DDA89 /* Build configuration list for PBXProject "fantazy" */ = {
			isa = XCConfigurationList;
			buildConfigurations = (
				9047A0D22FAA7FC5005DDA89 /* Debug */,
				9047A0D32FAA7FC5005DDA89 /* Release */,
			);
			defaultConfigurationIsVisible = 0;
			defaultConfigurationName = Release;
		};
		9047A0D42FAA7FC5005DDA89 /* Build configuration list for PBXNativeTarget "fantazy" */ = {
			isa = XCConfigurationList;
			buildConfigurations = (
				9047A0D52FAA7FC5005DDA89 /* Debug */,
				9047A0D62FAA7FC5005DDA89 /* Release */,
			);
			defaultConfigurationIsVisible = 0;
			defaultConfigurationName = Release;
		};
/* End XCConfigurationList section */

/* Begin XCVersionGroup section */
		9047A0C92FAA7FC4005DDA89 /* fantazy.xcdatamodeld */ = {
			isa = XCVersionGroup;
			children = (
				9047A0CA2FAA7FC4005DDA89 /* fantazy.xcdatamodel */,
			);
			currentVersion = 9047A0CA2FAA7FC4005DDA89 /* fantazy.xcdatamodel */;
			path = fantazy.xcdatamodeld;
			sourceTree = "<group>";
			versionGroupType = wrapper.xcdatamodel;
		};
/* End XCVersionGroup section */
	};
	rootObject = 9047A0B52FAA7FC4005DDA89 /* Project object */;
}
